
Microsoft Visual Studio Solution File, Format Version 12.00
# Visual Studio Version 17
VisualStudioVersion = 17.5.33103.201
MinimumVisualStudioVersion = 10.0.40219.1
Project("{FAE04EC0-301F-11D3-BF4B-00C04F79EFBC}") = "FlatOut2.Utils.RichPresence", "FlatOut2.Utils.RichPresence\FlatOut2.Utils.RichPresence.csproj", "{FD40C06C-0C5A-4B46-806B-B2300EB9FD7B}"
EndProject
Project("{FAE04EC0-301F-11D3-BF4B-00C04F79EFBC}") = "FlatOut2.SDK", "FlatOut2.SDK\FlatOut2.SDK.csproj", "{C5294584-9183-4267-96A0-81E292DB8008}"
EndProject
Project("{2150E333-8FDC-42A3-9474-1A3956D46DE8}") = "Submodules", "Submodules", "{E81BDD58-7CCA-4360-8E5A-1C053993883A}"
EndProject
Project("{FAE04EC0-301F-11D3-BF4B-00C04F79EFBC}") = "DiscordRPC", "Submodules\discord-rpc-csharp\DiscordRPC\DiscordRPC.csproj", "{85926C4E-77A4-4022-8AD0-28E07F5314E3}"
EndProject
Global
	GlobalSection(SolutionConfigurationPlatforms) = preSolution
		Debug|Any CPU = Debug|Any CPU
		Release|Any CPU = Release|Any CPU
	EndGlobalSection
	GlobalSection(ProjectConfigurationPlatforms) = postSolution
		{FD40C06C-0C5A-4B46-806B-B2300EB9FD7B}.Debug|Any CPU.ActiveCfg = Debug|Any CPU
		{FD40C06C-0C5A-4B46-806B-B2300EB9FD7B}.Debug|Any CPU.Build.0 = Debug|Any CPU
		{FD40C06C-0C5A-4B46-806B-B2300EB9FD7B}.Release|Any CPU.ActiveCfg = Release|Any CPU
		{FD40C06C-0C5A-4B46-806B-B2300EB9FD7B}.Release|Any CPU.Build.0 = Release|Any CPU
		{C5294584-9183-4267-96A0-81E292DB8008}.Debug|Any CPU.ActiveCfg = Debug|Any CPU
		{C5294584-9183-4267-96A0-81E292DB8008}.Debug|Any CPU.Build.0 = Debug|Any CPU
		{C5294584-9183-4267-96A0-81E292DB8008}.Release|Any CPU.ActiveCfg = Release|Any CPU
		{C5294584-9183-4267-96A0-81E292DB8008}.Release|Any CPU.Build.0 = Release|Any CPU
		{85926C4E-77A4-4022-8AD0-28E07F5314E3}.Debug|Any CPU.ActiveCfg = Debug|Any CPU
		{85926C4E-77A4-4022-8AD0-28E07F5314E3}.Debug|Any CPU.Build.0 = Debug|Any CPU
		{85926C4E-77A4-4022-8AD0-28E07F5314E3}.Release|Any CPU.ActiveCfg = Release|Any CPU
		{85926C4E-77A4-4022-8AD0-28E07F5314E3}.Release|Any CPU.Build.0 = Release|Any CPU
	EndGlobalSection
	GlobalSection(SolutionProperties) = preSolution
		HideSolutionNode = FALSE
	EndGlobalSection
	GlobalSection(ExtensibilityGlobals) = postSolution
		SolutionGuid = {D48755B4-C469-4ECA-AD3B-44288CDEE40A}
	EndGlobalSection
	GlobalSection(NestedProjects) = preSolution
		{85926C4E-77A4-4022-8AD0-28E07F5314E3} = {E81BDD58-7CCA-4360-8E5A-1C053993883A}
	EndGlobalSection
EndGlobal
